
Microsoft Visual Studio Solution File, Format Version 12.00
# Visual Studio Version 16
VisualStudioVersion = 16.0.31624.102
MinimumVisualStudioVersion = 10.0.40219.1
Project("{FAE04EC0-301F-11D3-BF4B-00C04F79EFBC}") = "Petshop", "Petshop\Petshop.csproj", "{A99F4509-0253-4F74-9069-DB7C65E668A4}"
EndProject
Global
	GlobalSection(SolutionConfigurationPlatforms) = preSolution
		Debug|Any CPU = Debug|Any CPU
		Release|Any CPU = Release|Any CPU
	EndGlobalSection
	GlobalSection(ProjectConfigurationPlatforms) = postSolution
		{A99F4509-0253-4F74-9069-DB7C65E668A4}.Debug|Any CPU.ActiveCfg = Debug|Any CPU
		{A99F4509-0253-4F74-9069-DB7C65E668A4}.Debug|Any CPU.Build.0 = Debug|Any CPU
		{A99F4509-0253-4F74-9069-DB7C65E668A4}.Release|Any CPU.ActiveCfg = Release|Any CPU
		{A99F4509-0253-4F74-9069-DB7C65E668A4}.Release|Any CPU.Build.0 = Release|Any CPU
	EndGlobalSection
	GlobalSection(SolutionProperties) = preSolution
		HideSolutionNode = FALSE
	EndGlobalSection
	GlobalSection(ExtensibilityGlobals) = postSolution
		SolutionGuid = {8E92C15F-32F5-4DD7-AE6F-AD3F1CD14F3C}
	EndGlobalSection
EndGlobal
